
Microsoft Visual Studio Solution File, Format Version 12.00
# Visual Studio 15
VisualStudioVersion = 15.0.26124.0
MinimumVisualStudioVersion = 15.0.26124.0
Project("{FAE04EC0-301F-11D3-BF4B-00C04F79EFBC}") = "Agathas.Storefront.Tests", "Agathas.Storefront.Tests\Agathas.Storefront.Tests.csproj", "{C27B2E60-1A96-40F7-A8B7-3C32FF0E3F86}"
EndProject
Project("{FAE04EC0-301F-11D3-BF4B-00C04F79EFBC}") = "Agathas.Storefront.Infrastructure", "Agathas.Storefront.Infrastructure\Agathas.Storefront.Infrastructure.csproj", "{45E895D0-7D19-4702-996D-937F2DEFF4A9}"
EndProject
Project("{FAE04EC0-301F-11D3-BF4B-00C04F79EFBC}") = "Agathas.Storefront.Models", "Agathas.Storefront.Models\Agathas.Storefront.Models.csproj", "{E4CACF20-8C2E-4382-B523-425CB37A0B03}"
EndProject
Project("{FAE04EC0-301F-11D3-BF4B-00C04F79EFBC}") = "Agathas.Storefront.Repository.NHibernate", "Agathas.Storefront.Repository.NHibernate\Agathas.Storefront.Repository.NHibernate.csproj", "{296BDEE8-1BDD-4858-A29C-BFEFCCAE5907}"
EndProject
Project("{FAE04EC0-301F-11D3-BF4B-00C04F79EFBC}") = "Agathas.Storefront.Services", "Agathas.Storefront.Services\Agathas.Storefront.Services.csproj", "{CEDBB7A1-39A9-42B8-BC73-E122DF179473}"
EndProject
Project("{FAE04EC0-301F-11D3-BF4B-00C04F79EFBC}") = "Agathas.Storefront.Services.Cache", "Agathas.Storefront.Services.Cache\Agathas.Storefront.Services.Cache.csproj", "{64998809-F759-445F-8943-5418FDE6A543}"
EndProject
Project("{FAE04EC0-301F-11D3-BF4B-00C04F79EFBC}") = "Agathas.Storefront.API", "Agathas.Storefront.API\Agathas.Storefront.API.csproj", "{479FE728-6408-457C-A874-1786A05B12E4}"
EndProject
Global
	GlobalSection(SolutionConfigurationPlatforms) = preSolution
		Debug|Any CPU = Debug|Any CPU
		Debug|x64 = Debug|x64
		Debug|x86 = Debug|x86
		Release|Any CPU = Release|Any CPU
		Release|x64 = Release|x64
		Release|x86 = Release|x86
	EndGlobalSection
	GlobalSection(SolutionProperties) = preSolution
		HideSolutionNode = FALSE
	EndGlobalSection
	GlobalSection(ProjectConfigurationPlatforms) = postSolution
		{C27B2E60-1A96-40F7-A8B7-3C32FF0E3F86}.Debug|Any CPU.ActiveCfg = Debug|Any CPU
		{C27B2E60-1A96-40F7-A8B7-3C32FF0E3F86}.Debug|Any CPU.Build.0 = Debug|Any CPU
		{C27B2E60-1A96-40F7-A8B7-3C32FF0E3F86}.Debug|x64.ActiveCfg = Debug|Any CPU
		{C27B2E60-1A96-40F7-A8B7-3C32FF0E3F86}.Debug|x64.Build.0 = Debug|Any CPU
		{C27B2E60-1A96-40F7-A8B7-3C32FF0E3F86}.Debug|x86.ActiveCfg = Debug|Any CPU
		{C27B2E60-1A96-40F7-A8B7-3C32FF0E3F86}.Debug|x86.Build.0 = Debug|Any CPU
		{C27B2E60-1A96-40F7-A8B7-3C32FF0E3F86}.Release|Any CPU.ActiveCfg = Release|Any CPU
		{C27B2E60-1A96-40F7-A8B7-3C32FF0E3F86}.Release|Any CPU.Build.0 = Release|Any CPU
		{C27B2E60-1A96-40F7-A8B7-3C32FF0E3F86}.Release|x64.ActiveCfg = Release|Any CPU
		{C27B2E60-1A96-40F7-A8B7-3C32FF0E3F86}.Release|x64.Build.0 = Release|Any CPU
		{C27B2E60-1A96-40F7-A8B7-3C32FF0E3F86}.Release|x86.ActiveCfg = Release|Any CPU
		{C27B2E60-1A96-40F7-A8B7-3C32FF0E3F86}.Release|x86.Build.0 = Release|Any CPU
		{45E895D0-7D19-4702-996D-937F2DEFF4A9}.Debug|Any CPU.ActiveCfg = Debug|Any CPU
		{45E895D0-7D19-4702-996D-937F2DEFF4A9}.Debug|Any CPU.Build.0 = Debug|Any CPU
		{45E895D0-7D19-4702-996D-937F2DEFF4A9}.Debug|x64.ActiveCfg = Debug|Any CPU
		{45E895D0-7D19-4702-996D-937F2DEFF4A9}.Debug|x64.Build.0 = Debug|Any CPU
		{45E895D0-7D19-4702-996D-937F2DEFF4A9}.Debug|x86.ActiveCfg = Debug|Any CPU
		{45E895D0-7D19-4702-996D-937F2DEFF4A9}.Debug|x86.Build.0 = Debug|Any CPU
		{45E895D0-7D19-4702-996D-937F2DEFF4A9}.Release|Any CPU.ActiveCfg = Release|Any CPU
		{45E895D0-7D19-4702-996D-937F2DEFF4A9}.Release|Any CPU.Build.0 = Release|Any CPU
		{45E895D0-7D19-4702-996D-937F2DEFF4A9}.Release|x64.ActiveCfg = Release|Any CPU
		{45E895D0-7D19-4702-996D-937F2DEFF4A9}.Release|x64.Build.0 = Release|Any CPU
		{45E895D0-7D19-4702-996D-937F2DEFF4A9}.Release|x86.ActiveCfg = Release|Any CPU
		{45E895D0-7D19-4702-996D-937F2DEFF4A9}.Release|x86.Build.0 = Release|Any CPU
		{E4CACF20-8C2E-4382-B523-425CB37A0B03}.Debug|Any CPU.ActiveCfg = Debug|Any CPU
		{E4CACF20-8C2E-4382-B523-425CB37A0B03}.Debug|Any CPU.Build.0 = Debug|Any CPU
		{E4CACF20-8C2E-4382-B523-425CB37A0B03}.Debug|x64.ActiveCfg = Debug|Any CPU
		{E4CACF20-8C2E-4382-B523-425CB37A0B03}.Debug|x64.Build.0 = Debug|Any CPU
		{E4CACF20-8C2E-4382-B523-425CB37A0B03}.Debug|x86.ActiveCfg = Debug|Any CPU
		{E4CACF20-8C2E-4382-B523-425CB37A0B03}.Debug|x86.Build.0 = Debug|Any CPU
		{E4CACF20-8C2E-4382-B523-425CB37A0B03}.Release|Any CPU.ActiveCfg = Release|Any CPU
		{E4CACF20-8C2E-4382-B523-425CB37A0B03}.Release|Any CPU.Build.0 = Release|Any CPU
		{E4CACF20-8C2E-4382-B523-425CB37A0B03}.Release|x64.ActiveCfg = Release|Any CPU
		{E4CACF20-8C2E-4382-B523-425CB37A0B03}.Release|x64.Build.0 = Release|Any CPU
		{E4CACF20-8C2E-4382-B523-425CB37A0B03}.Release|x86.ActiveCfg = Release|Any CPU
		{E4CACF20-8C2E-4382-B523-425CB37A0B03}.Release|x86.Build.0 = Release|Any CPU
		{296BDEE8-1BDD-4858-A29C-BFEFCCAE5907}.Debug|Any CPU.ActiveCfg = Debug|Any CPU
		{296BDEE8-1BDD-4858-A29C-BFEFCCAE5907}.Debug|Any CPU.Build.0 = Debug|Any CPU
		{296BDEE8-1BDD-4858-A29C-BFEFCCAE5907}.Debug|x64.ActiveCfg = Debug|Any CPU
		{296BDEE8-1BDD-4858-A29C-BFEFCCAE5907}.Debug|x64.Build.0 = Debug|Any CPU
		{296BDEE8-1BDD-4858-A29C-BFEFCCAE5907}.Debug|x86.ActiveCfg = Debug|Any CPU
		{296BDEE8-1BDD-4858-A29C-BFEFCCAE5907}.Debug|x86.Build.0 = Debug|Any CPU
		{296BDEE8-1BDD-4858-A29C-BFEFCCAE5907}.Release|Any CPU.ActiveCfg = Release|Any CPU
		{296BDEE8-1BDD-4858-A29C-BFEFCCAE5907}.Release|Any CPU.Build.0 = Release|Any CPU
		{296BDEE8-1BDD-4858-A29C-BFEFCCAE5907}.Release|x64.ActiveCfg = Release|Any CPU
		{296BDEE8-1BDD-4858-A29C-BFEFCCAE5907}.Release|x64.Build.0 = Release|Any CPU
		{296BDEE8-1BDD-4858-A29C-BFEFCCAE5907}.Release|x86.ActiveCfg = Release|Any CPU
		{296BDEE8-1BDD-4858-A29C-BFEFCCAE5907}.Release|x86.Build.0 = Release|Any CPU
		{CEDBB7A1-39A9-42B8-BC73-E122DF179473}.Debug|Any CPU.ActiveCfg = Debug|Any CPU
		{CEDBB7A1-39A9-42B8-BC73-E122DF179473}.Debug|Any CPU.Build.0 = Debug|Any CPU
		{CEDBB7A1-39A9-42B8-BC73-E122DF179473}.Debug|x64.ActiveCfg = Debug|Any CPU
		{CEDBB7A1-39A9-42B8-BC73-E122DF179473}.Debug|x64.Build.0 = Debug|Any CPU
		{CEDBB7A1-39A9-42B8-BC73-E122DF179473}.Debug|x86.ActiveCfg = Debug|Any CPU
		{CEDBB7A1-39A9-42B8-BC73-E122DF179473}.Debug|x86.Build.0 = Debug|Any CPU
		{CEDBB7A1-39A9-42B8-BC73-E122DF179473}.Release|Any CPU.ActiveCfg = Release|Any CPU
		{CEDBB7A1-39A9-42B8-BC73-E122DF179473}.Release|Any CPU.Build.0 = Release|Any CPU
		{CEDBB7A1-39A9-42B8-BC73-E122DF179473}.Release|x64.ActiveCfg = Release|Any CPU
		{CEDBB7A1-39A9-42B8-BC73-E122DF179473}.Release|x64.Build.0 = Release|Any CPU
		{CEDBB7A1-39A9-42B8-BC73-E122DF179473}.Release|x86.ActiveCfg = Release|Any CPU
		{CEDBB7A1-39A9-42B8-BC73-E122DF179473}.Release|x86.Build.0 = Release|Any CPU
		{64998809-F759-445F-8943-5418FDE6A543}.Debug|Any CPU.ActiveCfg = Debug|Any CPU
		{64998809-F759-445F-8943-5418FDE6A543}.Debug|Any CPU.Build.0 = Debug|Any CPU
		{64998809-F759-445F-8943-5418FDE6A543}.Debug|x64.ActiveCfg = Debug|Any CPU
		{64998809-F759-445F-8943-5418FDE6A543}.Debug|x64.Build.0 = Debug|Any CPU
		{64998809-F759-445F-8943-5418FDE6A543}.Debug|x86.ActiveCfg = Debug|Any CPU
		{64998809-F759-445F-8943-5418FDE6A543}.Debug|x86.Build.0 = Debug|Any CPU
		{64998809-F759-445F-8943-5418FDE6A543}.Release|Any CPU.ActiveCfg = Release|Any CPU
		{64998809-F759-445F-8943-5418FDE6A543}.Release|Any CPU.Build.0 = Release|Any CPU
		{64998809-F759-445F-8943-5418FDE6A543}.Release|x64.ActiveCfg = Release|Any CPU
		{64998809-F759-445F-8943-5418FDE6A543}.Release|x64.Build.0 = Release|Any CPU
		{64998809-F759-445F-8943-5418FDE6A543}.Release|x86.ActiveCfg = Release|Any CPU
		{64998809-F759-445F-8943-5418FDE6A543}.Release|x86.Build.0 = Release|Any CPU
		{479FE728-6408-457C-A874-1786A05B12E4}.Debug|Any CPU.ActiveCfg = Debug|Any CPU
		{479FE728-6408-457C-A874-1786A05B12E4}.Debug|Any CPU.Build.0 = Debug|Any CPU
		{479FE728-6408-457C-A874-1786A05B12E4}.Debug|x64.ActiveCfg = Debug|Any CPU
		{479FE728-6408-457C-A874-1786A05B12E4}.Debug|x64.Build.0 = Debug|Any CPU
		{479FE728-6408-457C-A874-1786A05B12E4}.Debug|x86.ActiveCfg = Debug|Any CPU
		{479FE728-6408-457C-A874-1786A05B12E4}.Debug|x86.Build.0 = Debug|Any CPU
		{479FE728-6408-457C-A874-1786A05B12E4}.Release|Any CPU.ActiveCfg = Release|Any CPU
		{479FE728-6408-457C-A874-1786A05B12E4}.Release|Any CPU.Build.0 = Release|Any CPU
		{479FE728-6408-457C-A874-1786A05B12E4}.Release|x64.ActiveCfg = Release|Any CPU
		{479FE728-6408-457C-A874-1786A05B12E4}.Release|x64.Build.0 = Release|Any CPU
		{479FE728-6408-457C-A874-1786A05B12E4}.Release|x86.ActiveCfg = Release|Any CPU
		{479FE728-6408-457C-A874-1786A05B12E4}.Release|x86.Build.0 = Release|Any CPU
	EndGlobalSection
EndGlobal
